// !$*UTF8*$!
{
	archiveVersion = 1;
	classes = {
	};
	objectVersion = 51;
	objects = {

/* Begin PBXBuildFile section */
		26BEF83390C150A46873268A /* Pods_BeaverTests.framework in Frameworks */ = {isa = PBXBuildFile; fileRef = 3BD8E68299840AC96490F724 /* Pods_BeaverTests.framework */; };
		A567656C493CEBDBE96A7256 /* Pods_Beaver.framework in Frameworks */ = {isa = PBXBuildFile; fileRef = E58D71A839AD09B34E8C0C1D /* Pods_Beaver.framework */; };
		E93E180A23F9ECBF0022295D /* Assets.xcassets in Resources */ = {isa = PBXBuildFile; fileRef = E9F51B9B23B83CA60068B86E /* Assets.xcassets */; };
		E95D679E23E75FD800AB3320 /* CloudKit.framework in Frameworks */ = {isa = PBXBuildFile; fileRef = E95D679D23E75FD800AB3320 /* CloudKit.framework */; };
		E95D680023E8973F00AB3320 /* Stack.xcdatamodeld in Sources */ = {isa = PBXBuildFile; fileRef = E95D67FE23E8973F00AB3320 /* Stack.xcdatamodeld */; };
		E95EA62F2426B0B3006D6446 /* GoogleService-Info.plist in Resources */ = {isa = PBXBuildFile; fileRef = E95EA62E2426B0B3006D6446 /* GoogleService-Info.plist */; };
		E97E0F65240C99F400A46140 /* DesignSystem.swift in Sources */ = {isa = PBXBuildFile; fileRef = E97E0F64240C99F400A46140 /* DesignSystem.swift */; };
		E97EDDEA244237DD00B28063 /* AppStateTests.swift in Sources */ = {isa = PBXBuildFile; fileRef = E97EDDE9244237DD00B28063 /* AppStateTests.swift */; };
		E97EDDEB2442384C00B28063 /* AppState.swift in Sources */ = {isa = PBXBuildFile; fileRef = E9B37230240335FC003B46B0 /* AppState.swift */; };
		E98073E723F71C6A00FDAF08 /* DayView.swift in Sources */ = {isa = PBXBuildFile; fileRef = E98073E623F71C6A00FDAF08 /* DayView.swift */; };
		E982485F242FFE2F00840A78 /* Transitions.swift in Sources */ = {isa = PBXBuildFile; fileRef = E982485E242FFE2F00840A78 /* Transitions.swift */; };
		E9869033240AC78800A03FA2 /* AddBar.swift in Sources */ = {isa = PBXBuildFile; fileRef = E9869032240AC78800A03FA2 /* AddBar.swift */; };
		E98DB1E7245A183C00D8FD3D /* MainBackground.swift in Sources */ = {isa = PBXBuildFile; fileRef = E98DB1E6245A183C00D8FD3D /* MainBackground.swift */; };
		E9926337240B1D0B003D7658 /* GeometryProxy.swift in Sources */ = {isa = PBXBuildFile; fileRef = E9926336240B1D0B003D7658 /* GeometryProxy.swift */; };
		E9A39B8D242FD33D00D182E5 /* DoneView.swift in Sources */ = {isa = PBXBuildFile; fileRef = E9A39B8C242FD33D00D182E5 /* DoneView.swift */; };
		E9B2F64F23F75EB200BE2133 /* StoreView.swift in Sources */ = {isa = PBXBuildFile; fileRef = E9B2F64E23F75EB200BE2133 /* StoreView.swift */; };
		E9B2F65223F75ECD00BE2133 /* StoreItem.swift in Sources */ = {isa = PBXBuildFile; fileRef = E9B2F65123F75ECD00BE2133 /* StoreItem.swift */; };
		E9B37231240335FC003B46B0 /* AppState.swift in Sources */ = {isa = PBXBuildFile; fileRef = E9B37230240335FC003B46B0 /* AppState.swift */; };
		E9BB5769240EB83E0083BE7D /* Onboarding.swift in Sources */ = {isa = PBXBuildFile; fileRef = E9BB5768240EB83E0083BE7D /* Onboarding.swift */; };
		E9BB576B240EB8E00083BE7D /* WideButton.swift in Sources */ = {isa = PBXBuildFile; fileRef = E9BB576A240EB8E00083BE7D /* WideButton.swift */; };
		E9E5D7AE24648BA10059BDFD /* PreviewHelper.swift in Sources */ = {isa = PBXBuildFile; fileRef = E9E5D7AD24648BA10059BDFD /* PreviewHelper.swift */; };
		E9F51B9623B83CA00068B86E /* AppDelegate.swift in Sources */ = {isa = PBXBuildFile; fileRef = E9F51B9523B83CA00068B86E /* AppDelegate.swift */; };
		E9F51B9823B83CA00068B86E /* SceneDelegate.swift in Sources */ = {isa = PBXBuildFile; fileRef = E9F51B9723B83CA00068B86E /* SceneDelegate.swift */; };
		E9F51B9A23B83CA00068B86E /* ContentView.swift in Sources */ = {isa = PBXBuildFile; fileRef = E9F51B9923B83CA00068B86E /* ContentView.swift */; };
		E9F51B9F23B83CA60068B86E /* Preview Assets.xcassets in Resources */ = {isa = PBXBuildFile; fileRef = E9F51B9E23B83CA60068B86E /* Preview Assets.xcassets */; };
		E9F51BA223B83CA60068B86E /* LaunchScreen.storyboard in Resources */ = {isa = PBXBuildFile; fileRef = E9F51BA023B83CA60068B86E /* LaunchScreen.storyboard */; };
		E9F51BB023B845780068B86E /* BeaverTests.swift in Sources */ = {isa = PBXBuildFile; fileRef = E9F51BAF23B845780068B86E /* BeaverTests.swift */; };
		E9F7A3352409B2A50037B9A4 /* ToDo.swift in Sources */ = {isa = PBXBuildFile; fileRef = E9F9F36F23BA46EB00EC1EBE /* ToDo.swift */; };
		E9F9F37123BA4C9700EC1EBE /* ToDo.swift in Sources */ = {isa = PBXBuildFile; fileRef = E9F9F36F23BA46EB00EC1EBE /* ToDo.swift */; };
		E9FBEB8D240AEA8200BCB531 /* CardView.swift in Sources */ = {isa = PBXBuildFile; fileRef = E9FBEB8C240AEA8200BCB531 /* CardView.swift */; };
/* End PBXBuildFile section */

/* Begin PBXContainerItemProxy section */
		E9F51BB223B845780068B86E /* PBXContainerItemProxy */ = {
			isa = PBXContainerItemProxy;
			containerPortal = E9F51B8A23B83CA00068B86E /* Project object */;
			proxyType = 1;
			remoteGlobalIDString = E9F51B9123B83CA00068B86E;
			remoteInfo = Stack;
		};
/* End PBXContainerItemProxy section */

/* Begin PBXFileReference section */
		15F5541881B0D21FE328B197 /* Pods-Beaver.debug.xcconfig */ = {isa = PBXFileReference; includeInIndex = 1; lastKnownFileType = text.xcconfig; name = "Pods-Beaver.debug.xcconfig"; path = "Target Support Files/Pods-Beaver/Pods-Beaver.debug.xcconfig"; sourceTree = "<group>"; };
		3BD8E68299840AC96490F724 /* Pods_BeaverTests.framework */ = {isa = PBXFileReference; explicitFileType = wrapper.framework; includeInIndex = 0; path = Pods_BeaverTests.framework; sourceTree = BUILT_PRODUCTS_DIR; };
		6867C576AC9A0A2B61D663E3 /* Pods-BeaverTests.release.xcconfig */ = {isa = PBXFileReference; includeInIndex = 1; lastKnownFileType = text.xcconfig; name = "Pods-BeaverTests.release.xcconfig"; path = "Target Support Files/Pods-BeaverTests/Pods-BeaverTests.release.xcconfig"; sourceTree = "<group>"; };
		6BC466449F03750CE2F9E2BA /* Pods-Beaver.release.xcconfig */ = {isa = PBXFileReference; includeInIndex = 1; lastKnownFileType = text.xcconfig; name = "Pods-Beaver.release.xcconfig"; path = "Target Support Files/Pods-Beaver/Pods-Beaver.release.xcconfig"; sourceTree = "<group>"; };
		760882B16F980BDFA4403F63 /* Pods-BeaverTests.debug.xcconfig */ = {isa = PBXFileReference; includeInIndex = 1; lastKnownFileType = text.xcconfig; name = "Pods-BeaverTests.debug.xcconfig"; path = "Target Support Files/Pods-BeaverTests/Pods-BeaverTests.debug.xcconfig"; sourceTree = "<group>"; };
		E58D71A839AD09B34E8C0C1D /* Pods_Beaver.framework */ = {isa = PBXFileReference; explicitFileType = wrapper.framework; includeInIndex = 0; path = Pods_Beaver.framework; sourceTree = BUILT_PRODUCTS_DIR; };
		E95D679B23E75F8600AB3320 /* Stack.entitlements */ = {isa = PBXFileReference; lastKnownFileType = text.plist.entitlements; path = Stack.entitlements; sourceTree = "<group>"; };
		E95D679D23E75FD800AB3320 /* CloudKit.framework */ = {isa = PBXFileReference; lastKnownFileType = wrapper.framework; name = CloudKit.framework; path = System/Library/Frameworks/CloudKit.framework; sourceTree = SDKROOT; };
		E95D67FF23E8973F00AB3320 /* Stack.xcdatamodel */ = {isa = PBXFileReference; lastKnownFileType = wrapper.xcdatamodel; path = Stack.xcdatamodel; sourceTree = "<group>"; };
		E95EA62E2426B0B3006D6446 /* GoogleService-Info.plist */ = {isa = PBXFileReference; fileEncoding = 4; lastKnownFileType = text.plist.xml; path = "GoogleService-Info.plist"; sourceTree = "<group>"; };
		E97E0F64240C99F400A46140 /* DesignSystem.swift */ = {isa = PBXFileReference; lastKnownFileType = sourcecode.swift; path = DesignSystem.swift; sourceTree = "<group>"; };
		E97EDDE9244237DD00B28063 /* AppStateTests.swift */ = {isa = PBXFileReference; lastKnownFileType = sourcecode.swift; path = AppStateTests.swift; sourceTree = "<group>"; };
		E98073E623F71C6A00FDAF08 /* DayView.swift */ = {isa = PBXFileReference; lastKnownFileType = sourcecode.swift; path = DayView.swift; sourceTree = "<group>"; };
		E982485E242FFE2F00840A78 /* Transitions.swift */ = {isa = PBXFileReference; lastKnownFileType = sourcecode.swift; path = Transitions.swift; sourceTree = "<group>"; };
		E9869032240AC78800A03FA2 /* AddBar.swift */ = {isa = PBXFileReference; lastKnownFileType = sourcecode.swift; path = AddBar.swift; sourceTree = "<group>"; };
		E98DB1E6245A183C00D8FD3D /* MainBackground.swift */ = {isa = PBXFileReference; lastKnownFileType = sourcecode.swift; path = MainBackground.swift; sourceTree = "<group>"; };
		E9926336240B1D0B003D7658 /* GeometryProxy.swift */ = {isa = PBXFileReference; lastKnownFileType = sourcecode.swift; path = GeometryProxy.swift; sourceTree = "<group>"; };
		E9A39B8C242FD33D00D182E5 /* DoneView.swift */ = {isa = PBXFileReference; lastKnownFileType = sourcecode.swift; path = DoneView.swift; sourceTree = "<group>"; };
		E9B2F64E23F75EB200BE2133 /* StoreView.swift */ = {isa = PBXFileReference; lastKnownFileType = sourcecode.swift; path = StoreView.swift; sourceTree = "<group>"; };
		E9B2F65123F75ECD00BE2133 /* StoreItem.swift */ = {isa = PBXFileReference; lastKnownFileType = sourcecode.swift; path = StoreItem.swift; sourceTree = "<group>"; };
		E9B37230240335FC003B46B0 /* AppState.swift */ = {isa = PBXFileReference; lastKnownFileType = sourcecode.swift; path = AppState.swift; sourceTree = "<group>"; };
		E9BB5768240EB83E0083BE7D /* Onboarding.swift */ = {isa = PBXFileReference; lastKnownFileType = sourcecode.swift; path = Onboarding.swift; sourceTree = "<group>"; };
		E9BB576A240EB8E00083BE7D /* WideButton.swift */ = {isa = PBXFileReference; lastKnownFileType = sourcecode.swift; path = WideButton.swift; sourceTree = "<group>"; };
		E9E5D7AD24648BA10059BDFD /* PreviewHelper.swift */ = {isa = PBXFileReference; lastKnownFileType = sourcecode.swift; path = PreviewHelper.swift; sourceTree = "<group>"; };
		E9F51B9223B83CA00068B86E /* Beaver.app */ = {isa = PBXFileReference; explicitFileType = wrapper.application; includeInIndex = 0; path = Beaver.app; sourceTree = BUILT_PRODUCTS_DIR; };
		E9F51B9523B83CA00068B86E /* AppDelegate.swift */ = {isa = PBXFileReference; lastKnownFileType = sourcecode.swift; path = AppDelegate.swift; sourceTree = "<group>"; };
		E9F51B9723B83CA00068B86E /* SceneDelegate.swift */ = {isa = PBXFileReference; lastKnownFileType = sourcecode.swift; path = SceneDelegate.swift; sourceTree = "<group>"; };
		E9F51B9923B83CA00068B86E /* ContentView.swift */ = {isa = PBXFileReference; lastKnownFileType = sourcecode.swift; path = ContentView.swift; sourceTree = "<group>"; };
		E9F51B9B23B83CA60068B86E /* Assets.xcassets */ = {isa = PBXFileReference; lastKnownFileType = folder.assetcatalog; path = Assets.xcassets; sourceTree = "<group>"; };
		E9F51B9E23B83CA60068B86E /* Preview Assets.xcassets */ = {isa = PBXFileReference; lastKnownFileType = folder.assetcatalog; path = "Preview Assets.xcassets"; sourceTree = "<group>"; };
		E9F51BA123B83CA60068B86E /* Base */ = {isa = PBXFileReference; lastKnownFileType = file.storyboard; name = Base; path = Base.lproj/LaunchScreen.storyboard; sourceTree = "<group>"; };
		E9F51BA323B83CA60068B86E /* Info.plist */ = {isa = PBXFileReference; lastKnownFileType = text.plist.xml; path = Info.plist; sourceTree = "<group>"; };
		E9F51BAD23B845780068B86E /* BeaverTests.xctest */ = {isa = PBXFileReference; explicitFileType = wrapper.cfbundle; includeInIndex = 0; path = BeaverTests.xctest; sourceTree = BUILT_PRODUCTS_DIR; };
		E9F51BAF23B845780068B86E /* BeaverTests.swift */ = {isa = PBXFileReference; lastKnownFileType = sourcecode.swift; path = BeaverTests.swift; sourceTree = "<group>"; };
		E9F51BB123B845780068B86E /* Info.plist */ = {isa = PBXFileReference; lastKnownFileType = text.plist.xml; path = Info.plist; sourceTree = "<group>"; };
		E9F9F36F23BA46EB00EC1EBE /* ToDo.swift */ = {isa = PBXFileReference; lastKnownFileType = sourcecode.swift; path = ToDo.swift; sourceTree = "<group>"; };
		E9FBEB8C240AEA8200BCB531 /* CardView.swift */ = {isa = PBXFileReference; lastKnownFileType = sourcecode.swift; path = CardView.swift; sourceTree = "<group>"; };
/* End PBXFileReference section */

/* Begin PBXFrameworksBuildPhase section */
		E9F51B8F23B83CA00068B86E /* Frameworks */ = {
			isa = PBXFrameworksBuildPhase;
			buildActionMask = 2147483647;
			files = (
				E95D679E23E75FD800AB3320 /* CloudKit.framework in Frameworks */,
				A567656C493CEBDBE96A7256 /* Pods_Beaver.framework in Frameworks */,
			);
			runOnlyForDeploymentPostprocessing = 0;
		};
		E9F51BAA23B845780068B86E /* Frameworks */ = {
			isa = PBXFrameworksBuildPhase;
			buildActionMask = 2147483647;
			files = (
				26BEF83390C150A46873268A /* Pods_BeaverTests.framework in Frameworks */,
			);
			runOnlyForDeploymentPostprocessing = 0;
		};
/* End PBXFrameworksBuildPhase section */

/* Begin PBXGroup section */
		928853AAB005ED4B499F592F /* Pods */ = {
			isa = PBXGroup;
			children = (
				15F5541881B0D21FE328B197 /* Pods-Beaver.debug.xcconfig */,
				6BC466449F03750CE2F9E2BA /* Pods-Beaver.release.xcconfig */,
				760882B16F980BDFA4403F63 /* Pods-BeaverTests.debug.xcconfig */,
				6867C576AC9A0A2B61D663E3 /* Pods-BeaverTests.release.xcconfig */,
			);
			path = Pods;
			sourceTree = "<group>";
		};
		E95D679C23E75FD800AB3320 /* Frameworks */ = {
			isa = PBXGroup;
			children = (
				E95D679D23E75FD800AB3320 /* CloudKit.framework */,
				E58D71A839AD09B34E8C0C1D /* Pods_Beaver.framework */,
				3BD8E68299840AC96490F724 /* Pods_BeaverTests.framework */,
			);
			name = Frameworks;
			sourceTree = "<group>";
		};
		E98073E823F723ED00FDAF08 /* Views */ = {
			isa = PBXGroup;
			children = (
				E9F51B9923B83CA00068B86E /* ContentView.swift */,
				E98073E623F71C6A00FDAF08 /* DayView.swift */,
				E9A39B8C242FD33D00D182E5 /* DoneView.swift */,
				E9BB5768240EB83E0083BE7D /* Onboarding.swift */,
				E9B2F64E23F75EB200BE2133 /* StoreView.swift */,
				E9869031240AC77300A03FA2 /* Components */,
			);
			path = Views;
			sourceTree = "<group>";
		};
		E9869031240AC77300A03FA2 /* Components */ = {
			isa = PBXGroup;
			children = (
				E98DB1E6245A183C00D8FD3D /* MainBackground.swift */,
				E9869032240AC78800A03FA2 /* AddBar.swift */,
				E9FBEB8C240AEA8200BCB531 /* CardView.swift */,
				E9B2F65123F75ECD00BE2133 /* StoreItem.swift */,
				E9BB576A240EB8E00083BE7D /* WideButton.swift */,
			);
			path = Components;
			sourceTree = "<group>";
		};
		E9926335240B1CDC003D7658 /* Extensions */ = {
			isa = PBXGroup;
			children = (
				E9926336240B1D0B003D7658 /* GeometryProxy.swift */,
				E982485E242FFE2F00840A78 /* Transitions.swift */,
			);
			path = Extensions;
			sourceTree = "<group>";
		};
		E9B3722D240335A4003B46B0 /* CD+CK */ = {
			isa = PBXGroup;
			children = (
				E95D67FE23E8973F00AB3320 /* Stack.xcdatamodeld */,
				E95D679B23E75F8600AB3320 /* Stack.entitlements */,
				E9F9F36F23BA46EB00EC1EBE /* ToDo.swift */,
			);
			path = "CD+CK";
			sourceTree = "<group>";
		};
		E9B3722E240335C7003B46B0 /* Utility */ = {
			isa = PBXGroup;
			children = (
				E97E0F64240C99F400A46140 /* DesignSystem.swift */,
				E9E5D7AD24648BA10059BDFD /* PreviewHelper.swift */,
				E9926335240B1CDC003D7658 /* Extensions */,
				E9B3722F240335EF003B46B0 /* State */,
				E9B3722D240335A4003B46B0 /* CD+CK */,
			);
			path = Utility;
			sourceTree = "<group>";
		};
		E9B3722F240335EF003B46B0 /* State */ = {
			isa = PBXGroup;
			children = (
				E9B37230240335FC003B46B0 /* AppState.swift */,
			);
			path = State;
			sourceTree = "<group>";
		};
		E9B3723224035523003B46B0 /* Launch */ = {
			isa = PBXGroup;
			children = (
				E9F51BA023B83CA60068B86E /* LaunchScreen.storyboard */,
				E9F51B9523B83CA00068B86E /* AppDelegate.swift */,
				E9F51B9723B83CA00068B86E /* SceneDelegate.swift */,
			);
			path = Launch;
			sourceTree = "<group>";
		};
		E9F51B8923B83CA00068B86E = {
			isa = PBXGroup;
			children = (
				E9F51B9423B83CA00068B86E /* Beaver */,
				E9F51BAE23B845780068B86E /* BeaverTests */,
				E9F51B9323B83CA00068B86E /* Products */,
				E95D679C23E75FD800AB3320 /* Frameworks */,
				928853AAB005ED4B499F592F /* Pods */,
			);
			sourceTree = "<group>";
		};
		E9F51B9323B83CA00068B86E /* Products */ = {
			isa = PBXGroup;
			children = (
				E9F51B9223B83CA00068B86E /* Beaver.app */,
				E9F51BAD23B845780068B86E /* BeaverTests.xctest */,
			);
			name = Products;
			sourceTree = "<group>";
		};
		E9F51B9423B83CA00068B86E /* Beaver */ = {
			isa = PBXGroup;
			children = (
				E9F51BA323B83CA60068B86E /* Info.plist */,
				E95EA62E2426B0B3006D6446 /* GoogleService-Info.plist */,
				E9B3723224035523003B46B0 /* Launch */,
				E98073E823F723ED00FDAF08 /* Views */,
				E9B3722E240335C7003B46B0 /* Utility */,
				E9F51B9B23B83CA60068B86E /* Assets.xcassets */,
				E9F51B9D23B83CA60068B86E /* Preview Content */,
			);
			path = Beaver;
			sourceTree = "<group>";
		};
		E9F51B9D23B83CA60068B86E /* Preview Content */ = {
			isa = PBXGroup;
			children = (
				E9F51B9E23B83CA60068B86E /* Preview Assets.xcassets */,
			);
			path = "Preview Content";
			sourceTree = "<group>";
		};
		E9F51BAE23B845780068B86E /* BeaverTests */ = {
			isa = PBXGroup;
			children = (
				E9F51BAF23B845780068B86E /* BeaverTests.swift */,
				E97EDDE9244237DD00B28063 /* AppStateTests.swift */,
				E9F51BB123B845780068B86E /* Info.plist */,
			);
			path = BeaverTests;
			sourceTree = "<group>";
		};
/* End PBXGroup section */

/* Begin PBXNativeTarget section */
		E9F51B9123B83CA00068B86E /* Beaver */ = {
			isa = PBXNativeTarget;
			buildConfigurationList = E9F51BA623B83CA60068B86E /* Build configuration list for PBXNativeTarget "Beaver" */;
			buildPhases = (
				2273CE552CBF5C1B1EEAB43E /* [CP] Check Pods Manifest.lock */,
				E9F51B8E23B83CA00068B86E /* Sources */,
				E9F51B8F23B83CA00068B86E /* Frameworks */,
				E9F51B9023B83CA00068B86E /* Resources */,
				07D20D4D5602ACEB69639B31 /* [CP] Embed Pods Frameworks */,
			);
			buildRules = (
			);
			dependencies = (
			);
			name = Beaver;
			productName = Stack;
			productReference = E9F51B9223B83CA00068B86E /* Beaver.app */;
			productType = "com.apple.product-type.application";
		};
		E9F51BAC23B845780068B86E /* BeaverTests */ = {
			isa = PBXNativeTarget;
			buildConfigurationList = E9F51BB423B845780068B86E /* Build configuration list for PBXNativeTarget "BeaverTests" */;
			buildPhases = (
				9C812F91F0AF7CF7FF413A28 /* [CP] Check Pods Manifest.lock */,
				E9F51BA923B845780068B86E /* Sources */,
				E9F51BAA23B845780068B86E /* Frameworks */,
				E9F51BAB23B845780068B86E /* Resources */,
			);
			buildRules = (
			);
			dependencies = (
				E9F51BB323B845780068B86E /* PBXTargetDependency */,
			);
			name = BeaverTests;
			productName = StackTests;
			productReference = E9F51BAD23B845780068B86E /* BeaverTests.xctest */;
			productType = "com.apple.product-type.bundle.unit-test";
		};
/* End PBXNativeTarget section */

/* Begin PBXProject section */
		E9F51B8A23B83CA00068B86E /* Project object */ = {
			isa = PBXProject;
			attributes = {
				LastSwiftUpdateCheck = 1130;
				LastUpgradeCheck = 1140;
				ORGANIZATIONNAME = MyCo;
				TargetAttributes = {
					E9F51B9123B83CA00068B86E = {
						CreatedOnToolsVersion = 11.3;
					};
					E9F51BAC23B845780068B86E = {
						CreatedOnToolsVersion = 11.3;
						TestTargetID = E9F51B9123B83CA00068B86E;
					};
				};
			};
			buildConfigurationList = E9F51B8D23B83CA00068B86E /* Build configuration list for PBXProject "Beaver" */;
			compatibilityVersion = "Xcode 9.3";
			developmentRegion = en;
			hasScannedForEncodings = 0;
			knownRegions = (
				en,
				Base,
			);
			mainGroup = E9F51B8923B83CA00068B86E;
			productRefGroup = E9F51B9323B83CA00068B86E /* Products */;
			projectDirPath = "";
			projectRoot = "";
			targets = (
				E9F51B9123B83CA00068B86E /* Beaver */,
				E9F51BAC23B845780068B86E /* BeaverTests */,
			);
		};
/* End PBXProject section */

/* Begin PBXResourcesBuildPhase section */
		E9F51B9023B83CA00068B86E /* Resources */ = {
			isa = PBXResourcesBuildPhase;
			buildActionMask = 2147483647;
			files = (
				E93E180A23F9ECBF0022295D /* Assets.xcassets in Resources */,
				E9F51BA223B83CA60068B86E /* LaunchScreen.storyboard in Resources */,
				E95EA62F2426B0B3006D6446 /* GoogleService-Info.plist in Resources */,
				E9F51B9F23B83CA60068B86E /* Preview Assets.xcassets in Resources */,
			);
			runOnlyForDeploymentPostprocessing = 0;
		};
		E9F51BAB23B845780068B86E /* Resources */ = {
			isa = PBXResourcesBuildPhase;
			buildActionMask = 2147483647;
			files = (
			);
			runOnlyForDeploymentPostprocessing = 0;
		};
/* End PBXResourcesBuildPhase section */

/* Begin PBXShellScriptBuildPhase section */
		07D20D4D5602ACEB69639B31 /* [CP] Embed Pods Frameworks */ = {
			isa = PBXShellScriptBuildPhase;
			buildActionMask = 2147483647;
			files = (
			);
			inputFileListPaths = (
				"${PODS_ROOT}/Target Support Files/Pods-Beaver/Pods-Beaver-frameworks-${CONFIGURATION}-input-files.xcfilelist",
			);
			name = "[CP] Embed Pods Frameworks";
			outputFileListPaths = (
				"${PODS_ROOT}/Target Support Files/Pods-Beaver/Pods-Beaver-frameworks-${CONFIGURATION}-output-files.xcfilelist",
			);
			runOnlyForDeploymentPostprocessing = 0;
			shellPath = /bin/sh;
			shellScript = "\"${PODS_ROOT}/Target Support Files/Pods-Beaver/Pods-Beaver-frameworks.sh\"\n";
			showEnvVarsInLog = 0;
		};
		2273CE552CBF5C1B1EEAB43E /* [CP] Check Pods Manifest.lock */ = {
			isa = PBXShellScriptBuildPhase;
			buildActionMask = 2147483647;
			files = (
			);
			inputFileListPaths = (
			);
			inputPaths = (
				"${PODS_PODFILE_DIR_PATH}/Podfile.lock",
				"${PODS_ROOT}/Manifest.lock",
			);
			name = "[CP] Check Pods Manifest.lock";
			outputFileListPaths = (
			);
			outputPaths = (
				"$(DERIVED_FILE_DIR)/Pods-Beaver-checkManifestLockResult.txt",
			);
			runOnlyForDeploymentPostprocessing = 0;
			shellPath = /bin/sh;
			shellScript = "diff \"${PODS_PODFILE_DIR_PATH}/Podfile.lock\" \"${PODS_ROOT}/Manifest.lock\" > /dev/null\nif [ $? != 0 ] ; then\n    # print error to STDERR\n    echo \"error: The sandbox is not in sync with the Podfile.lock. Run 'pod install' or update your CocoaPods installation.\" >&2\n    exit 1\nfi\n# This output is used by Xcode 'outputs' to avoid re-running this script phase.\necho \"SUCCESS\" > \"${SCRIPT_OUTPUT_FILE_0}\"\n";
			showEnvVarsInLog = 0;
		};
		9C812F91F0AF7CF7FF413A28 /* [CP] Check Pods Manifest.lock */ = {
			isa = PBXShellScriptBuildPhase;
			buildActionMask = 2147483647;
			files = (
			);
			inputFileListPaths = (
			);
			inputPaths = (
				"${PODS_PODFILE_DIR_PATH}/Podfile.lock",
				"${PODS_ROOT}/Manifest.lock",
			);
			name = "[CP] Check Pods Manifest.lock";
			outputFileListPaths = (
			);
			outputPaths = (
				"$(DERIVED_FILE_DIR)/Pods-BeaverTests-checkManifestLockResult.txt",
			);
			runOnlyForDeploymentPostprocessing = 0;
			shellPath = /bin/sh;
			shellScript = "diff \"${PODS_PODFILE_DIR_PATH}/Podfile.lock\" \"${PODS_ROOT}/Manifest.lock\" > /dev/null\nif [ $? != 0 ] ; then\n    # print error to STDERR\n    echo \"error: The sandbox is not in sync with the Podfile.lock. Run 'pod install' or update your CocoaPods installation.\" >&2\n    exit 1\nfi\n# This output is used by Xcode 'outputs' to avoid re-running this script phase.\necho \"SUCCESS\" > \"${SCRIPT_OUTPUT_FILE_0}\"\n";
			showEnvVarsInLog = 0;
		};
/* End PBXShellScriptBuildPhase section */

/* Begin PBXSourcesBuildPhase section */
		E9F51B8E23B83CA00068B86E /* Sources */ = {
			isa = PBXSourcesBuildPhase;
			buildActionMask = 2147483647;
			files = (
				E9F51B9623B83CA00068B86E /* AppDelegate.swift in Sources */,
				E9B37231240335FC003B46B0 /* AppState.swift in Sources */,
				E9B2F64F23F75EB200BE2133 /* StoreView.swift in Sources */,
				E9F7A3352409B2A50037B9A4 /* ToDo.swift in Sources */,
				E9B2F65223F75ECD00BE2133 /* StoreItem.swift in Sources */,
				E9BB576B240EB8E00083BE7D /* WideButton.swift in Sources */,
				E9869033240AC78800A03FA2 /* AddBar.swift in Sources */,
				E97E0F65240C99F400A46140 /* DesignSystem.swift in Sources */,
				E98DB1E7245A183C00D8FD3D /* MainBackground.swift in Sources */,
				E9F51B9823B83CA00068B86E /* SceneDelegate.swift in Sources */,
				E9FBEB8D240AEA8200BCB531 /* CardView.swift in Sources */,
				E982485F242FFE2F00840A78 /* Transitions.swift in Sources */,
				E9A39B8D242FD33D00D182E5 /* DoneView.swift in Sources */,
				E9926337240B1D0B003D7658 /* GeometryProxy.swift in Sources */,
				E9F51B9A23B83CA00068B86E /* ContentView.swift in Sources */,
				E98073E723F71C6A00FDAF08 /* DayView.swift in Sources */,
				E9BB5769240EB83E0083BE7D /* Onboarding.swift in Sources */,
				E9E5D7AE24648BA10059BDFD /* PreviewHelper.swift in Sources */,
				E95D680023E8973F00AB3320 /* Stack.xcdatamodeld in Sources */,
			);
			runOnlyForDeploymentPostprocessing = 0;
		};
		E9F51BA923B845780068B86E /* Sources */ = {
			isa = PBXSourcesBuildPhase;
			buildActionMask = 2147483647;
			files = (
				E9F51BB023B845780068B86E /* BeaverTests.swift in Sources */,
				E9F9F37123BA4C9700EC1EBE /* ToDo.swift in Sources */,
				E97EDDEA244237DD00B28063 /* AppStateTests.swift in Sources */,
				E97EDDEB2442384C00B28063 /* AppState.swift in Sources */,
			);
			runOnlyForDeploymentPostprocessing = 0;
		};
/* End PBXSourcesBuildPhase section */

/* Begin PBXTargetDependency section */
		E9F51BB323B845780068B86E /* PBXTargetDependency */ = {
			isa = PBXTargetDependency;
			target = E9F51B9123B83CA00068B86E /* Beaver */;
			targetProxy = E9F51BB223B845780068B86E /* PBXContainerItemProxy */;
		};
/* End PBXTargetDependency section */

/* Begin PBXVariantGroup section */
		E9F51BA023B83CA60068B86E /* LaunchScreen.storyboard */ = {
			isa = PBXVariantGroup;
			children = (
				E9F51BA123B83CA60068B86E /* Base */,
			);
			name = LaunchScreen.storyboard;
			sourceTree = "<group>";
		};
/* End PBXVariantGroup section */

/* Begin XCBuildConfiguration section */
		E9F51BA423B83CA60068B86E /* Debug */ = {
			isa = XCBuildConfiguration;
			buildSettings = {
				ALWAYS_SEARCH_USER_PATHS = NO;
				CLANG_ANALYZER_NONNULL = YES;
				CLANG_ANALYZER_NUMBER_OBJECT_CONVERSION = YES_AGGRESSIVE;
				CLANG_CXX_LANGUAGE_STANDARD = "gnu++14";
				CLANG_CXX_LIBRARY = "libc++";
				CLANG_ENABLE_MODULES = YES;
				CLANG_ENABLE_OBJC_ARC = YES;
				CLANG_ENABLE_OBJC_WEAK = YES;
				CLANG_WARN_BLOCK_CAPTURE_AUTORELEASING = YES;
				CLANG_WARN_BOOL_CONVERSION = YES;
				CLANG_WARN_COMMA = YES;
				CLANG_WARN_CONSTANT_CONVERSION = YES;
				CLANG_WARN_DEPRECATED_OBJC_IMPLEMENTATIONS = YES;
				CLANG_WARN_DIRECT_OBJC_ISA_USAGE = YES_ERROR;
				CLANG_WARN_DOCUMENTATION_COMMENTS = YES;
				CLANG_WARN_EMPTY_BODY = YES;
				CLANG_WARN_ENUM_CONVERSION = YES;
				CLANG_WARN_INFINITE_RECURSION = YES;
				CLANG_WARN_INT_CONVERSION = YES;
				CLANG_WARN_NON_LITERAL_NULL_CONVERSION = YES;
				CLANG_WARN_OBJC_IMPLICIT_RETAIN_SELF = YES;
				CLANG_WARN_OBJC_LITERAL_CONVERSION = YES;
				CLANG_WARN_OBJC_ROOT_CLASS = YES_ERROR;
				CLANG_WARN_RANGE_LOOP_ANALYSIS = YES;
				CLANG_WARN_STRICT_PROTOTYPES = YES;
				CLANG_WARN_SUSPICIOUS_MOVE = YES;
				CLANG_WARN_UNGUARDED_AVAILABILITY = YES_AGGRESSIVE;
				CLANG_WARN_UNREACHABLE_CODE = YES;
				CLANG_WARN__DUPLICATE_METHOD_MATCH = YES;
				COPY_PHASE_STRIP = NO;
				DEBUG_INFORMATION_FORMAT = dwarf;
				ENABLE_STRICT_OBJC_MSGSEND = YES;
				ENABLE_TESTABILITY = YES;
				GCC_C_LANGUAGE_STANDARD = gnu11;
				GCC_DYNAMIC_NO_PIC = NO;
				GCC_NO_COMMON_BLOCKS = YES;
				GCC_OPTIMIZATION_LEVEL = 0;
				GCC_PREPROCESSOR_DEFINITIONS = (
					"DEBUG=1",
					"$(inherited)",
				);
				GCC_WARN_64_TO_32_BIT_CONVERSION = YES;
				GCC_WARN_ABOUT_RETURN_TYPE = YES_ERROR;
				GCC_WARN_UNDECLARED_SELECTOR = YES;
				GCC_WARN_UNINITIALIZED_AUTOS = YES_AGGRESSIVE;
				GCC_WARN_UNUSED_FUNCTION = YES;
				GCC_WARN_UNUSED_VARIABLE = YES;
				IPHONEOS_DEPLOYMENT_TARGET = 14.0;
				MTL_ENABLE_DEBUG_INFO = INCLUDE_SOURCE;
				MTL_FAST_MATH = YES;
				ONLY_ACTIVE_ARCH = YES;
				SDKROOT = iphoneos;
				SWIFT_ACTIVE_COMPILATION_CONDITIONS = DEBUG;
				SWIFT_OPTIMIZATION_LEVEL = "-Onone";
			};
			name = Debug;
		};
		E9F51BA523B83CA60068B86E /* Release */ = {
			isa = XCBuildConfiguration;
			buildSettings = {
				ALWAYS_SEARCH_USER_PATHS = NO;
				CLANG_ANALYZER_NONNULL = YES;
				CLANG_ANALYZER_NUMBER_OBJECT_CONVERSION = YES_AGGRESSIVE;
				CLANG_CXX_LANGUAGE_STANDARD = "gnu++14";
				CLANG_CXX_LIBRARY = "libc++";
				CLANG_ENABLE_MODULES = YES;
				CLANG_ENABLE_OBJC_ARC = YES;
				CLANG_ENABLE_OBJC_WEAK = YES;
				CLANG_WARN_BLOCK_CAPTURE_AUTORELEASING = YES;
				CLANG_WARN_BOOL_CONVERSION = YES;
				CLANG_WARN_COMMA = YES;
				CLANG_WARN_CONSTANT_CONVERSION = YES;
				CLANG_WARN_DEPRECATED_OBJC_IMPLEMENTATIONS = YES;
				CLANG_WARN_DIRECT_OBJC_ISA_USAGE = YES_ERROR;
				CLANG_WARN_DOCUMENTATION_COMMENTS = YES;
				CLANG_WARN_EMPTY_BODY = YES;
				CLANG_WARN_ENUM_CONVERSION = YES;
				CLANG_WARN_INFINITE_RECURSION = YES;
				CLANG_WARN_INT_CONVERSION = YES;
				CLANG_WARN_NON_LITERAL_NULL_CONVERSION = YES;
				CLANG_WARN_OBJC_IMPLICIT_RETAIN_SELF = YES;
				CLANG_WARN_OBJC_LITERAL_CONVERSION = YES;
				CLANG_WARN_OBJC_ROOT_CLASS = YES_ERROR;
				CLANG_WARN_RANGE_LOOP_ANALYSIS = YES;
				CLANG_WARN_STRICT_PROTOTYPES = YES;
				CLANG_WARN_SUSPICIOUS_MOVE = YES;
				CLANG_WARN_UNGUARDED_AVAILABILITY = YES_AGGRESSIVE;
				CLANG_WARN_UNREACHABLE_CODE = YES;
				CLANG_WARN__DUPLICATE_METHOD_MATCH = YES;
				COPY_PHASE_STRIP = NO;
				DEBUG_INFORMATION_FORMAT = "dwarf-with-dsym";
				ENABLE_NS_ASSERTIONS = NO;
				ENABLE_STRICT_OBJC_MSGSEND = YES;
				GCC_C_LANGUAGE_STANDARD = gnu11;
				GCC_NO_COMMON_BLOCKS = YES;
				GCC_WARN_64_TO_32_BIT_CONVERSION = YES;
				GCC_WARN_ABOUT_RETURN_TYPE = YES_ERROR;
				GCC_WARN_UNDECLARED_SELECTOR = YES;
				GCC_WARN_UNINITIALIZED_AUTOS = YES_AGGRESSIVE;
				GCC_WARN_UNUSED_FUNCTION = YES;
				GCC_WARN_UNUSED_VARIABLE = YES;
				IPHONEOS_DEPLOYMENT_TARGET = 14.0;
				MTL_ENABLE_DEBUG_INFO = NO;
				MTL_FAST_MATH = YES;
				SDKROOT = iphoneos;
				SWIFT_COMPILATION_MODE = wholemodule;
				SWIFT_OPTIMIZATION_LEVEL = "-O";
				VALIDATE_PRODUCT = YES;
			};
			name = Release;
		};
		E9F51BA723B83CA60068B86E /* Debug */ = {
			isa = XCBuildConfiguration;
			baseConfigurationReference = 15F5541881B0D21FE328B197 /* Pods-Beaver.debug.xcconfig */;
			buildSettings = {
				ASSETCATALOG_COMPILER_APPICON_NAME = AppIcon;
				CODE_SIGN_ENTITLEMENTS = "Beaver/Utility/CD+CK/Stack.entitlements";
				CODE_SIGN_STYLE = Automatic;
				CURRENT_PROJECT_VERSION = 50;
				DEVELOPMENT_ASSET_PATHS = "\"Beaver/Preview Content\"";
				DEVELOPMENT_TEAM = FYM4933UYP;
				ENABLE_PREVIEWS = YES;
				INFOPLIST_FILE = Beaver/Info.plist;
				LD_RUNPATH_SEARCH_PATHS = (
					"$(inherited)",
					"@executable_path/Frameworks",
				);
				MARKETING_VERSION = 1.1.1;
				PRODUCT_BUNDLE_IDENTIFIER = App.Beaver;
				PRODUCT_NAME = Beaver;
				SWIFT_VERSION = 5.0;
				TARGETED_DEVICE_FAMILY = "1,2";
			};
			name = Debug;
		};
		E9F51BA823B83CA60068B86E /* Release */ = {
			isa = XCBuildConfiguration;
			baseConfigurationReference = 6BC466449F03750CE2F9E2BA /* Pods-Beaver.release.xcconfig */;
			buildSettings = {
				ASSETCATALOG_COMPILER_APPICON_NAME = AppIcon;
				CODE_SIGN_ENTITLEMENTS = "Beaver/Utility/CD+CK/Stack.entitlements";
				CODE_SIGN_STYLE = Automatic;
				CURRENT_PROJECT_VERSION = 50;
				DEVELOPMENT_ASSET_PATHS = "\"Beaver/Preview Content\"";
				DEVELOPMENT_TEAM = FYM4933UYP;
				ENABLE_PREVIEWS = YES;
				INFOPLIST_FILE = Beaver/Info.plist;
				LD_RUNPATH_SEARCH_PATHS = (
					"$(inherited)",
					"@executable_path/Frameworks",
				);
				MARKETING_VERSION = 1.1.1;
				PRODUCT_BUNDLE_IDENTIFIER = App.Beaver;
				PRODUCT_NAME = Beaver;
				SWIFT_VERSION = 5.0;
				TARGETED_DEVICE_FAMILY = "1,2";
			};
			name = Release;
		};
		E9F51BB523B845780068B86E /* Debug */ = {
			isa = XCBuildConfiguration;
			baseConfigurationReference = 760882B16F980BDFA4403F63 /* Pods-BeaverTests.debug.xcconfig */;
			buildSettings = {
				BUNDLE_LOADER = "$(TEST_HOST)";
				CODE_SIGN_STYLE = Automatic;
				DEVELOPMENT_TEAM = FYM4933UYP;
				INFOPLIST_FILE = BeaverTests/Info.plist;
				LD_RUNPATH_SEARCH_PATHS = (
					"$(inherited)",
					"@executable_path/Frameworks",
					"@loader_path/Frameworks",
				);
				PRODUCT_BUNDLE_IDENTIFIER = App.Beaver;
				PRODUCT_NAME = "$(TARGET_NAME)";
				SWIFT_VERSION = 5.0;
				TARGETED_DEVICE_FAMILY = "1,2";
				TEST_HOST = "$(BUILT_PRODUCTS_DIR)/Beaver.app/Beaver";
			};
			name = Debug;
		};
		E9F51BB623B845780068B86E /* Release */ = {
			isa = XCBuildConfiguration;
			baseConfigurationReference = 6867C576AC9A0A2B61D663E3 /* Pods-BeaverTests.release.xcconfig */;
			buildSettings = {
				BUNDLE_LOADER = "$(TEST_HOST)";
				CODE_SIGN_STYLE = Automatic;
				DEVELOPMENT_TEAM = FYM4933UYP;
				INFOPLIST_FILE = BeaverTests/Info.plist;
				LD_RUNPATH_SEARCH_PATHS = (
					"$(inherited)",
					"@executable_path/Frameworks",
					"@loader_path/Frameworks",
				);
				PRODUCT_BUNDLE_IDENTIFIER = App.Beaver;
				PRODUCT_NAME = "$(TARGET_NAME)";
				SWIFT_VERSION = 5.0;
				TARGETED_DEVICE_FAMILY = "1,2";
				TEST_HOST = "$(BUILT_PRODUCTS_DIR)/Beaver.app/Beaver";
			};
			name = Release;
		};
/* End XCBuildConfiguration section */

/* Begin XCConfigurationList section */
		E9F51B8D23B83CA00068B86E /* Build configuration list for PBXProject "Beaver" */ = {
			isa = XCConfigurationList;
			buildConfigurations = (
				E9F51BA423B83CA60068B86E /* Debug */,
				E9F51BA523B83CA60068B86E /* Release */,
			);
			defaultConfigurationIsVisible = 0;
			defaultConfigurationName = Release;
		};
		E9F51BA623B83CA60068B86E /* Build configuration list for PBXNativeTarget "Beaver" */ = {
			isa = XCConfigurationList;
			buildConfigurations = (
				E9F51BA723B83CA60068B86E /* Debug */,
				E9F51BA823B83CA60068B86E /* Release */,
			);
			defaultConfigurationIsVisible = 0;
			defaultConfigurationName = Release;
		};
		E9F51BB423B845780068B86E /* Build configuration list for PBXNativeTarget "BeaverTests" */ = {
			isa = XCConfigurationList;
			buildConfigurations = (
				E9F51BB523B845780068B86E /* Debug */,
				E9F51BB623B845780068B86E /* Release */,
			);
			defaultConfigurationIsVisible = 0;
			defaultConfigurationName = Release;
		};
/* End XCConfigurationList section */

/* Begin XCVersionGroup section */
		E95D67FE23E8973F00AB3320 /* Stack.xcdatamodeld */ = {
			isa = XCVersionGroup;
			children = (
				E95D67FF23E8973F00AB3320 /* Stack.xcdatamodel */,
			);
			currentVersion = E95D67FF23E8973F00AB3320 /* Stack.xcdatamodel */;
			path = Stack.xcdatamodeld;
			sourceTree = "<group>";
			versionGroupType = wrapper.xcdatamodel;
		};
/* End XCVersionGroup section */
	};
	rootObject = E9F51B8A23B83CA00068B86E /* Project object */;
}
