// !$*UTF8*$!
{
	archiveVersion = 1;
	classes = {
	};
	objectVersion = 50;
	objects = {

/* Begin PBXBuildFile section */
		E93E180A23F9ECBF0022295D /* Assets.xcassets in Resources */ = {isa = PBXBuildFile; fileRef = E9F51B9B23B83CA60068B86E /* Assets.xcassets */; };
		E95D679E23E75FD800AB3320 /* CloudKit.framework in Frameworks */ = {isa = PBXBuildFile; fileRef = E95D679D23E75FD800AB3320 /* CloudKit.framework */; };
		E95D680023E8973F00AB3320 /* Stack.xcdatamodeld in Sources */ = {isa = PBXBuildFile; fileRef = E95D67FE23E8973F00AB3320 /* Stack.xcdatamodeld */; };
		E98073E723F71C6A00FDAF08 /* ActiveView.swift in Sources */ = {isa = PBXBuildFile; fileRef = E98073E623F71C6A00FDAF08 /* ActiveView.swift */; };
		E9826F242406F4EE0028C4E1 /* DragState.swift in Sources */ = {isa = PBXBuildFile; fileRef = E9826F232406F4EE0028C4E1 /* DragState.swift */; };
		E9826F262406F56E0028C4E1 /* Scene.swift in Sources */ = {isa = PBXBuildFile; fileRef = E9826F252406F56E0028C4E1 /* Scene.swift */; };
		E9869033240AC78800A03FA2 /* AddBar.swift in Sources */ = {isa = PBXBuildFile; fileRef = E9869032240AC78800A03FA2 /* AddBar.swift */; };
		E9B2F64F23F75EB200BE2133 /* StoreView.swift in Sources */ = {isa = PBXBuildFile; fileRef = E9B2F64E23F75EB200BE2133 /* StoreView.swift */; };
		E9B2F65223F75ECD00BE2133 /* StoreItem.swift in Sources */ = {isa = PBXBuildFile; fileRef = E9B2F65123F75ECD00BE2133 /* StoreItem.swift */; };
		E9B37231240335FC003B46B0 /* AppState.swift in Sources */ = {isa = PBXBuildFile; fileRef = E9B37230240335FC003B46B0 /* AppState.swift */; };
		E9F51B9623B83CA00068B86E /* AppDelegate.swift in Sources */ = {isa = PBXBuildFile; fileRef = E9F51B9523B83CA00068B86E /* AppDelegate.swift */; };
		E9F51B9823B83CA00068B86E /* SceneDelegate.swift in Sources */ = {isa = PBXBuildFile; fileRef = E9F51B9723B83CA00068B86E /* SceneDelegate.swift */; };
		E9F51B9A23B83CA00068B86E /* ContentView.swift in Sources */ = {isa = PBXBuildFile; fileRef = E9F51B9923B83CA00068B86E /* ContentView.swift */; };
		E9F51B9F23B83CA60068B86E /* Preview Assets.xcassets in Resources */ = {isa = PBXBuildFile; fileRef = E9F51B9E23B83CA60068B86E /* Preview Assets.xcassets */; };
		E9F51BA223B83CA60068B86E /* LaunchScreen.storyboard in Resources */ = {isa = PBXBuildFile; fileRef = E9F51BA023B83CA60068B86E /* LaunchScreen.storyboard */; };
		E9F51BB023B845780068B86E /* StackTests.swift in Sources */ = {isa = PBXBuildFile; fileRef = E9F51BAF23B845780068B86E /* StackTests.swift */; };
		E9F7A3352409B2A50037B9A4 /* ToDo.swift in Sources */ = {isa = PBXBuildFile; fileRef = E9F9F36F23BA46EB00EC1EBE /* ToDo.swift */; };
		E9F9F37123BA4C9700EC1EBE /* ToDo.swift in Sources */ = {isa = PBXBuildFile; fileRef = E9F9F36F23BA46EB00EC1EBE /* ToDo.swift */; };
/* End PBXBuildFile section */

/* Begin PBXContainerItemProxy section */
		E9F51BB223B845780068B86E /* PBXContainerItemProxy */ = {
			isa = PBXContainerItemProxy;
			containerPortal = E9F51B8A23B83CA00068B86E /* Project object */;
			proxyType = 1;
			remoteGlobalIDString = E9F51B9123B83CA00068B86E;
			remoteInfo = Stack;
		};
/* End PBXContainerItemProxy section */

/* Begin PBXFileReference section */
		E95D679B23E75F8600AB3320 /* Stack.entitlements */ = {isa = PBXFileReference; lastKnownFileType = text.plist.entitlements; path = Stack.entitlements; sourceTree = "<group>"; };
		E95D679D23E75FD800AB3320 /* CloudKit.framework */ = {isa = PBXFileReference; lastKnownFileType = wrapper.framework; name = CloudKit.framework; path = System/Library/Frameworks/CloudKit.framework; sourceTree = SDKROOT; };
		E95D67FF23E8973F00AB3320 /* Stack.xcdatamodel */ = {isa = PBXFileReference; lastKnownFileType = wrapper.xcdatamodel; path = Stack.xcdatamodel; sourceTree = "<group>"; };
		E98073E623F71C6A00FDAF08 /* ActiveView.swift */ = {isa = PBXFileReference; lastKnownFileType = sourcecode.swift; path = ActiveView.swift; sourceTree = "<group>"; };
		E9826F232406F4EE0028C4E1 /* DragState.swift */ = {isa = PBXFileReference; lastKnownFileType = sourcecode.swift; path = DragState.swift; sourceTree = "<group>"; };
		E9826F252406F56E0028C4E1 /* Scene.swift */ = {isa = PBXFileReference; lastKnownFileType = sourcecode.swift; path = Scene.swift; sourceTree = "<group>"; };
		E9869032240AC78800A03FA2 /* AddBar.swift */ = {isa = PBXFileReference; lastKnownFileType = sourcecode.swift; path = AddBar.swift; sourceTree = "<group>"; };
		E9B2F64E23F75EB200BE2133 /* StoreView.swift */ = {isa = PBXFileReference; lastKnownFileType = sourcecode.swift; path = StoreView.swift; sourceTree = "<group>"; };
		E9B2F65123F75ECD00BE2133 /* StoreItem.swift */ = {isa = PBXFileReference; lastKnownFileType = sourcecode.swift; path = StoreItem.swift; sourceTree = "<group>"; };
		E9B37230240335FC003B46B0 /* AppState.swift */ = {isa = PBXFileReference; lastKnownFileType = sourcecode.swift; path = AppState.swift; sourceTree = "<group>"; };
		E9F51B9223B83CA00068B86E /* Stack.app */ = {isa = PBXFileReference; explicitFileType = wrapper.application; includeInIndex = 0; path = Stack.app; sourceTree = BUILT_PRODUCTS_DIR; };
		E9F51B9523B83CA00068B86E /* AppDelegate.swift */ = {isa = PBXFileReference; lastKnownFileType = sourcecode.swift; path = AppDelegate.swift; sourceTree = "<group>"; };
		E9F51B9723B83CA00068B86E /* SceneDelegate.swift */ = {isa = PBXFileReference; lastKnownFileType = sourcecode.swift; path = SceneDelegate.swift; sourceTree = "<group>"; };
		E9F51B9923B83CA00068B86E /* ContentView.swift */ = {isa = PBXFileReference; lastKnownFileType = sourcecode.swift; path = ContentView.swift; sourceTree = "<group>"; };
		E9F51B9B23B83CA60068B86E /* Assets.xcassets */ = {isa = PBXFileReference; lastKnownFileType = folder.assetcatalog; path = Assets.xcassets; sourceTree = "<group>"; };
		E9F51B9E23B83CA60068B86E /* Preview Assets.xcassets */ = {isa = PBXFileReference; lastKnownFileType = folder.assetcatalog; path = "Preview Assets.xcassets"; sourceTree = "<group>"; };
		E9F51BA123B83CA60068B86E /* Base */ = {isa = PBXFileReference; lastKnownFileType = file.storyboard; name = Base; path = Base.lproj/LaunchScreen.storyboard; sourceTree = "<group>"; };
		E9F51BA323B83CA60068B86E /* Info.plist */ = {isa = PBXFileReference; lastKnownFileType = text.plist.xml; path = Info.plist; sourceTree = "<group>"; };
		E9F51BAD23B845780068B86E /* StackTests.xctest */ = {isa = PBXFileReference; explicitFileType = wrapper.cfbundle; includeInIndex = 0; path = StackTests.xctest; sourceTree = BUILT_PRODUCTS_DIR; };
		E9F51BAF23B845780068B86E /* StackTests.swift */ = {isa = PBXFileReference; lastKnownFileType = sourcecode.swift; path = StackTests.swift; sourceTree = "<group>"; };
		E9F51BB123B845780068B86E /* Info.plist */ = {isa = PBXFileReference; lastKnownFileType = text.plist.xml; path = Info.plist; sourceTree = "<group>"; };
		E9F9F36F23BA46EB00EC1EBE /* ToDo.swift */ = {isa = PBXFileReference; lastKnownFileType = sourcecode.swift; path = ToDo.swift; sourceTree = "<group>"; };
/* End PBXFileReference section */

/* Begin PBXFrameworksBuildPhase section */
		E9F51B8F23B83CA00068B86E /* Frameworks */ = {
			isa = PBXFrameworksBuildPhase;
			buildActionMask = 2147483647;
			files = (
				E95D679E23E75FD800AB3320 /* CloudKit.framework in Frameworks */,
			);
			runOnlyForDeploymentPostprocessing = 0;
		};
		E9F51BAA23B845780068B86E /* Frameworks */ = {
			isa = PBXFrameworksBuildPhase;
			buildActionMask = 2147483647;
			files = (
			);
			runOnlyForDeploymentPostprocessing = 0;
		};
/* End PBXFrameworksBuildPhase section */

/* Begin PBXGroup section */
		E95D679C23E75FD800AB3320 /* Frameworks */ = {
			isa = PBXGroup;
			children = (
				E95D679D23E75FD800AB3320 /* CloudKit.framework */,
			);
			name = Frameworks;
			sourceTree = "<group>";
		};
		E98073E823F723ED00FDAF08 /* Views */ = {
			isa = PBXGroup;
			children = (
				E9869031240AC77300A03FA2 /* Shared */,
				E9B2F64D23F75E9000BE2133 /* Active */,
				E9B2F65023F75EB600BE2133 /* Store */,
			);
			path = Views;
			sourceTree = "<group>";
		};
		E9869031240AC77300A03FA2 /* Shared */ = {
			isa = PBXGroup;
			children = (
				E9869032240AC78800A03FA2 /* AddBar.swift */,
			);
			path = Shared;
			sourceTree = "<group>";
		};
		E9B2F64D23F75E9000BE2133 /* Active */ = {
			isa = PBXGroup;
			children = (
				E98073E623F71C6A00FDAF08 /* ActiveView.swift */,
			);
			path = Active;
			sourceTree = "<group>";
		};
		E9B2F65023F75EB600BE2133 /* Store */ = {
			isa = PBXGroup;
			children = (
				E9B2F64E23F75EB200BE2133 /* StoreView.swift */,
				E9B2F65123F75ECD00BE2133 /* StoreItem.swift */,
			);
			path = Store;
			sourceTree = "<group>";
		};
		E9B3722D240335A4003B46B0 /* CD+CK */ = {
			isa = PBXGroup;
			children = (
				E95D67FE23E8973F00AB3320 /* Stack.xcdatamodeld */,
				E95D679B23E75F8600AB3320 /* Stack.entitlements */,
				E9F9F36F23BA46EB00EC1EBE /* ToDo.swift */,
			);
			path = "CD+CK";
			sourceTree = "<group>";
		};
		E9B3722E240335C7003B46B0 /* Utility */ = {
			isa = PBXGroup;
			children = (
				E9B3722F240335EF003B46B0 /* State */,
				E9B3722D240335A4003B46B0 /* CD+CK */,
			);
			path = Utility;
			sourceTree = "<group>";
		};
		E9B3722F240335EF003B46B0 /* State */ = {
			isa = PBXGroup;
			children = (
				E9B37230240335FC003B46B0 /* AppState.swift */,
				E9826F252406F56E0028C4E1 /* Scene.swift */,
				E9826F232406F4EE0028C4E1 /* DragState.swift */,
			);
			path = State;
			sourceTree = "<group>";
		};
		E9B3723224035523003B46B0 /* Launch */ = {
			isa = PBXGroup;
			children = (
				E9F51B9523B83CA00068B86E /* AppDelegate.swift */,
				E9F51B9723B83CA00068B86E /* SceneDelegate.swift */,
			);
			path = Launch;
			sourceTree = "<group>";
		};
		E9F51B8923B83CA00068B86E = {
			isa = PBXGroup;
			children = (
				E9F51B9423B83CA00068B86E /* Stack */,
				E9F51BAE23B845780068B86E /* StackTests */,
				E9F51B9323B83CA00068B86E /* Products */,
				E95D679C23E75FD800AB3320 /* Frameworks */,
			);
			sourceTree = "<group>";
		};
		E9F51B9323B83CA00068B86E /* Products */ = {
			isa = PBXGroup;
			children = (
				E9F51B9223B83CA00068B86E /* Stack.app */,
				E9F51BAD23B845780068B86E /* StackTests.xctest */,
			);
			name = Products;
			sourceTree = "<group>";
		};
		E9F51B9423B83CA00068B86E /* Stack */ = {
			isa = PBXGroup;
			children = (
				E9B3723224035523003B46B0 /* Launch */,
				E98073E823F723ED00FDAF08 /* Views */,
				E9B3722E240335C7003B46B0 /* Utility */,
				E9F51B9923B83CA00068B86E /* ContentView.swift */,
				E9F51BA023B83CA60068B86E /* LaunchScreen.storyboard */,
				E9F51BA323B83CA60068B86E /* Info.plist */,
				E9F51B9B23B83CA60068B86E /* Assets.xcassets */,
				E9F51B9D23B83CA60068B86E /* Preview Content */,
			);
			path = Stack;
			sourceTree = "<group>";
		};
		E9F51B9D23B83CA60068B86E /* Preview Content */ = {
			isa = PBXGroup;
			children = (
				E9F51B9E23B83CA60068B86E /* Preview Assets.xcassets */,
			);
			path = "Preview Content";
			sourceTree = "<group>";
		};
		E9F51BAE23B845780068B86E /* StackTests */ = {
			isa = PBXGroup;
			children = (
				E9F51BAF23B845780068B86E /* StackTests.swift */,
				E9F51BB123B845780068B86E /* Info.plist */,
			);
			path = StackTests;
			sourceTree = "<group>";
		};
/* End PBXGroup section */

/* Begin PBXNativeTarget section */
		E9F51B9123B83CA00068B86E /* Stack */ = {
			isa = PBXNativeTarget;
			buildConfigurationList = E9F51BA623B83CA60068B86E /* Build configuration list for PBXNativeTarget "Stack" */;
			buildPhases = (
				E9F51B8E23B83CA00068B86E /* Sources */,
				E9F51B8F23B83CA00068B86E /* Frameworks */,
				E9F51B9023B83CA00068B86E /* Resources */,
			);
			buildRules = (
			);
			dependencies = (
			);
			name = Stack;
			productName = Stack;
			productReference = E9F51B9223B83CA00068B86E /* Stack.app */;
			productType = "com.apple.product-type.application";
		};
		E9F51BAC23B845780068B86E /* StackTests */ = {
			isa = PBXNativeTarget;
			buildConfigurationList = E9F51BB423B845780068B86E /* Build configuration list for PBXNativeTarget "StackTests" */;
			buildPhases = (
				E9F51BA923B845780068B86E /* Sources */,
				E9F51BAA23B845780068B86E /* Frameworks */,
				E9F51BAB23B845780068B86E /* Resources */,
			);
			buildRules = (
			);
			dependencies = (
				E9F51BB323B845780068B86E /* PBXTargetDependency */,
			);
			name = StackTests;
			productName = StackTests;
			productReference = E9F51BAD23B845780068B86E /* StackTests.xctest */;
			productType = "com.apple.product-type.bundle.unit-test";
		};
/* End PBXNativeTarget section */

/* Begin PBXProject section */
		E9F51B8A23B83CA00068B86E /* Project object */ = {
			isa = PBXProject;
			attributes = {
				LastSwiftUpdateCheck = 1130;
				LastUpgradeCheck = 1130;
				ORGANIZATIONNAME = MyCo;
				TargetAttributes = {
					E9F51B9123B83CA00068B86E = {
						CreatedOnToolsVersion = 11.3;
					};
					E9F51BAC23B845780068B86E = {
						CreatedOnToolsVersion = 11.3;
						TestTargetID = E9F51B9123B83CA00068B86E;
					};
				};
			};
			buildConfigurationList = E9F51B8D23B83CA00068B86E /* Build configuration list for PBXProject "Stack" */;
			compatibilityVersion = "Xcode 9.3";
			developmentRegion = en;
			hasScannedForEncodings = 0;
			knownRegions = (
				en,
				Base,
			);
			mainGroup = E9F51B8923B83CA00068B86E;
			productRefGroup = E9F51B9323B83CA00068B86E /* Products */;
			projectDirPath = "";
			projectRoot = "";
			targets = (
				E9F51B9123B83CA00068B86E /* Stack */,
				E9F51BAC23B845780068B86E /* StackTests */,
			);
		};
/* End PBXProject section */

/* Begin PBXResourcesBuildPhase section */
		E9F51B9023B83CA00068B86E /* Resources */ = {
			isa = PBXResourcesBuildPhase;
			buildActionMask = 2147483647;
			files = (
				E93E180A23F9ECBF0022295D /* Assets.xcassets in Resources */,
				E9F51BA223B83CA60068B86E /* LaunchScreen.storyboard in Resources */,
				E9F51B9F23B83CA60068B86E /* Preview Assets.xcassets in Resources */,
			);
			runOnlyForDeploymentPostprocessing = 0;
		};
		E9F51BAB23B845780068B86E /* Resources */ = {
			isa = PBXResourcesBuildPhase;
			buildActionMask = 2147483647;
			files = (
			);
			runOnlyForDeploymentPostprocessing = 0;
		};
/* End PBXResourcesBuildPhase section */

/* Begin PBXSourcesBuildPhase section */
		E9F51B8E23B83CA00068B86E /* Sources */ = {
			isa = PBXSourcesBuildPhase;
			buildActionMask = 2147483647;
			files = (
				E9F51B9623B83CA00068B86E /* AppDelegate.swift in Sources */,
				E9B37231240335FC003B46B0 /* AppState.swift in Sources */,
				E9B2F64F23F75EB200BE2133 /* StoreView.swift in Sources */,
				E9F7A3352409B2A50037B9A4 /* ToDo.swift in Sources */,
				E9B2F65223F75ECD00BE2133 /* StoreItem.swift in Sources */,
				E9869033240AC78800A03FA2 /* AddBar.swift in Sources */,
				E9F51B9823B83CA00068B86E /* SceneDelegate.swift in Sources */,
				E9826F242406F4EE0028C4E1 /* DragState.swift in Sources */,
				E9F51B9A23B83CA00068B86E /* ContentView.swift in Sources */,
				E9826F262406F56E0028C4E1 /* Scene.swift in Sources */,
				E98073E723F71C6A00FDAF08 /* ActiveView.swift in Sources */,
				E95D680023E8973F00AB3320 /* Stack.xcdatamodeld in Sources */,
			);
			runOnlyForDeploymentPostprocessing = 0;
		};
		E9F51BA923B845780068B86E /* Sources */ = {
			isa = PBXSourcesBuildPhase;
			buildActionMask = 2147483647;
			files = (
				E9F51BB023B845780068B86E /* StackTests.swift in Sources */,
				E9F9F37123BA4C9700EC1EBE /* ToDo.swift in Sources */,
			);
			runOnlyForDeploymentPostprocessing = 0;
		};
/* End PBXSourcesBuildPhase section */

/* Begin PBXTargetDependency section */
		E9F51BB323B845780068B86E /* PBXTargetDependency */ = {
			isa = PBXTargetDependency;
			target = E9F51B9123B83CA00068B86E /* Stack */;
			targetProxy = E9F51BB223B845780068B86E /* PBXContainerItemProxy */;
		};
/* End PBXTargetDependency section */

/* Begin PBXVariantGroup section */
		E9F51BA023B83CA60068B86E /* LaunchScreen.storyboard */ = {
			isa = PBXVariantGroup;
			children = (
				E9F51BA123B83CA60068B86E /* Base */,
			);
			name = LaunchScreen.storyboard;
			sourceTree = "<group>";
		};
/* End PBXVariantGroup section */

/* Begin XCBuildConfiguration section */
		E9F51BA423B83CA60068B86E /* Debug */ = {
			isa = XCBuildConfiguration;
			buildSettings = {
				ALWAYS_SEARCH_USER_PATHS = NO;
				CLANG_ANALYZER_NONNULL = YES;
				CLANG_ANALYZER_NUMBER_OBJECT_CONVERSION = YES_AGGRESSIVE;
				CLANG_CXX_LANGUAGE_STANDARD = "gnu++14";
				CLANG_CXX_LIBRARY = "libc++";
				CLANG_ENABLE_MODULES = YES;
				CLANG_ENABLE_OBJC_ARC = YES;
				CLANG_ENABLE_OBJC_WEAK = YES;
				CLANG_WARN_BLOCK_CAPTURE_AUTORELEASING = YES;
				CLANG_WARN_BOOL_CONVERSION = YES;
				CLANG_WARN_COMMA = YES;
				CLANG_WARN_CONSTANT_CONVERSION = YES;
				CLANG_WARN_DEPRECATED_OBJC_IMPLEMENTATIONS = YES;
				CLANG_WARN_DIRECT_OBJC_ISA_USAGE = YES_ERROR;
				CLANG_WARN_DOCUMENTATION_COMMENTS = YES;
				CLANG_WARN_EMPTY_BODY = YES;
				CLANG_WARN_ENUM_CONVERSION = YES;
				CLANG_WARN_INFINITE_RECURSION = YES;
				CLANG_WARN_INT_CONVERSION = YES;
				CLANG_WARN_NON_LITERAL_NULL_CONVERSION = YES;
				CLANG_WARN_OBJC_IMPLICIT_RETAIN_SELF = YES;
				CLANG_WARN_OBJC_LITERAL_CONVERSION = YES;
				CLANG_WARN_OBJC_ROOT_CLASS = YES_ERROR;
				CLANG_WARN_RANGE_LOOP_ANALYSIS = YES;
				CLANG_WARN_STRICT_PROTOTYPES = YES;
				CLANG_WARN_SUSPICIOUS_MOVE = YES;
				CLANG_WARN_UNGUARDED_AVAILABILITY = YES_AGGRESSIVE;
				CLANG_WARN_UNREACHABLE_CODE = YES;
				CLANG_WARN__DUPLICATE_METHOD_MATCH = YES;
				COPY_PHASE_STRIP = NO;
				DEBUG_INFORMATION_FORMAT = dwarf;
				ENABLE_STRICT_OBJC_MSGSEND = YES;
				ENABLE_TESTABILITY = YES;
				GCC_C_LANGUAGE_STANDARD = gnu11;
				GCC_DYNAMIC_NO_PIC = NO;
				GCC_NO_COMMON_BLOCKS = YES;
				GCC_OPTIMIZATION_LEVEL = 0;
				GCC_PREPROCESSOR_DEFINITIONS = (
					"DEBUG=1",
					"$(inherited)",
				);
				GCC_WARN_64_TO_32_BIT_CONVERSION = YES;
				GCC_WARN_ABOUT_RETURN_TYPE = YES_ERROR;
				GCC_WARN_UNDECLARED_SELECTOR = YES;
				GCC_WARN_UNINITIALIZED_AUTOS = YES_AGGRESSIVE;
				GCC_WARN_UNUSED_FUNCTION = YES;
				GCC_WARN_UNUSED_VARIABLE = YES;
				IPHONEOS_DEPLOYMENT_TARGET = 13.2;
				MTL_ENABLE_DEBUG_INFO = INCLUDE_SOURCE;
				MTL_FAST_MATH = YES;
				ONLY_ACTIVE_ARCH = YES;
				SDKROOT = iphoneos;
				SWIFT_ACTIVE_COMPILATION_CONDITIONS = DEBUG;
				SWIFT_OPTIMIZATION_LEVEL = "-Onone";
			};
			name = Debug;
		};
		E9F51BA523B83CA60068B86E /* Release */ = {
			isa = XCBuildConfiguration;
			buildSettings = {
				ALWAYS_SEARCH_USER_PATHS = NO;
				CLANG_ANALYZER_NONNULL = YES;
				CLANG_ANALYZER_NUMBER_OBJECT_CONVERSION = YES_AGGRESSIVE;
				CLANG_CXX_LANGUAGE_STANDARD = "gnu++14";
				CLANG_CXX_LIBRARY = "libc++";
				CLANG_ENABLE_MODULES = YES;
				CLANG_ENABLE_OBJC_ARC = YES;
				CLANG_ENABLE_OBJC_WEAK = YES;
				CLANG_WARN_BLOCK_CAPTURE_AUTORELEASING = YES;
				CLANG_WARN_BOOL_CONVERSION = YES;
				CLANG_WARN_COMMA = YES;
				CLANG_WARN_CONSTANT_CONVERSION = YES;
				CLANG_WARN_DEPRECATED_OBJC_IMPLEMENTATIONS = YES;
				CLANG_WARN_DIRECT_OBJC_ISA_USAGE = YES_ERROR;
				CLANG_WARN_DOCUMENTATION_COMMENTS = YES;
				CLANG_WARN_EMPTY_BODY = YES;
				CLANG_WARN_ENUM_CONVERSION = YES;
				CLANG_WARN_INFINITE_RECURSION = YES;
				CLANG_WARN_INT_CONVERSION = YES;
				CLANG_WARN_NON_LITERAL_NULL_CONVERSION = YES;
				CLANG_WARN_OBJC_IMPLICIT_RETAIN_SELF = YES;
				CLANG_WARN_OBJC_LITERAL_CONVERSION = YES;
				CLANG_WARN_OBJC_ROOT_CLASS = YES_ERROR;
				CLANG_WARN_RANGE_LOOP_ANALYSIS = YES;
				CLANG_WARN_STRICT_PROTOTYPES = YES;
				CLANG_WARN_SUSPICIOUS_MOVE = YES;
				CLANG_WARN_UNGUARDED_AVAILABILITY = YES_AGGRESSIVE;
				CLANG_WARN_UNREACHABLE_CODE = YES;
				CLANG_WARN__DUPLICATE_METHOD_MATCH = YES;
				COPY_PHASE_STRIP = NO;
				DEBUG_INFORMATION_FORMAT = "dwarf-with-dsym";
				ENABLE_NS_ASSERTIONS = NO;
				ENABLE_STRICT_OBJC_MSGSEND = YES;
				GCC_C_LANGUAGE_STANDARD = gnu11;
				GCC_NO_COMMON_BLOCKS = YES;
				GCC_WARN_64_TO_32_BIT_CONVERSION = YES;
				GCC_WARN_ABOUT_RETURN_TYPE = YES_ERROR;
				GCC_WARN_UNDECLARED_SELECTOR = YES;
				GCC_WARN_UNINITIALIZED_AUTOS = YES_AGGRESSIVE;
				GCC_WARN_UNUSED_FUNCTION = YES;
				GCC_WARN_UNUSED_VARIABLE = YES;
				IPHONEOS_DEPLOYMENT_TARGET = 13.2;
				MTL_ENABLE_DEBUG_INFO = NO;
				MTL_FAST_MATH = YES;
				SDKROOT = iphoneos;
				SWIFT_COMPILATION_MODE = wholemodule;
				SWIFT_OPTIMIZATION_LEVEL = "-O";
				VALIDATE_PRODUCT = YES;
			};
			name = Release;
		};
		E9F51BA723B83CA60068B86E /* Debug */ = {
			isa = XCBuildConfiguration;
			buildSettings = {
				ASSETCATALOG_COMPILER_APPICON_NAME = AppIcon;
				CODE_SIGN_ENTITLEMENTS = "Stack/Utility/CD+CK/Stack.entitlements";
				CODE_SIGN_STYLE = Automatic;
				CURRENT_PROJECT_VERSION = 1;
				DEVELOPMENT_ASSET_PATHS = "\"Stack/Preview Content\"";
				DEVELOPMENT_TEAM = FYM4933UYP;
				ENABLE_PREVIEWS = YES;
				INFOPLIST_FILE = Stack/Info.plist;
				LD_RUNPATH_SEARCH_PATHS = (
					"$(inherited)",
					"@executable_path/Frameworks",
				);
				MARKETING_VERSION = 1.3;
				PRODUCT_BUNDLE_IDENTIFIER = MyCo.Stack;
				PRODUCT_NAME = "$(TARGET_NAME)";
				SWIFT_VERSION = 5.0;
				TARGETED_DEVICE_FAMILY = "1,2";
			};
			name = Debug;
		};
		E9F51BA823B83CA60068B86E /* Release */ = {
			isa = XCBuildConfiguration;
			buildSettings = {
				ASSETCATALOG_COMPILER_APPICON_NAME = AppIcon;
				CODE_SIGN_ENTITLEMENTS = "Stack/Utility/CD+CK/Stack.entitlements";
				CODE_SIGN_STYLE = Automatic;
				CURRENT_PROJECT_VERSION = 1;
				DEVELOPMENT_ASSET_PATHS = "\"Stack/Preview Content\"";
				DEVELOPMENT_TEAM = FYM4933UYP;
				ENABLE_PREVIEWS = YES;
				INFOPLIST_FILE = Stack/Info.plist;
				LD_RUNPATH_SEARCH_PATHS = (
					"$(inherited)",
					"@executable_path/Frameworks",
				);
				MARKETING_VERSION = 1.3;
				PRODUCT_BUNDLE_IDENTIFIER = MyCo.Stack;
				PRODUCT_NAME = "$(TARGET_NAME)";
				SWIFT_VERSION = 5.0;
				TARGETED_DEVICE_FAMILY = "1,2";
			};
			name = Release;
		};
		E9F51BB523B845780068B86E /* Debug */ = {
			isa = XCBuildConfiguration;
			buildSettings = {
				BUNDLE_LOADER = "$(TEST_HOST)";
				CODE_SIGN_STYLE = Automatic;
				DEVELOPMENT_TEAM = FYM4933UYP;
				INFOPLIST_FILE = StackTests/Info.plist;
				LD_RUNPATH_SEARCH_PATHS = (
					"$(inherited)",
					"@executable_path/Frameworks",
					"@loader_path/Frameworks",
				);
				PRODUCT_BUNDLE_IDENTIFIER = MyCo.StackTests;
				PRODUCT_NAME = "$(TARGET_NAME)";
				SWIFT_VERSION = 5.0;
				TARGETED_DEVICE_FAMILY = "1,2";
				TEST_HOST = "$(BUILT_PRODUCTS_DIR)/Stack.app/Stack";
			};
			name = Debug;
		};
		E9F51BB623B845780068B86E /* Release */ = {
			isa = XCBuildConfiguration;
			buildSettings = {
				BUNDLE_LOADER = "$(TEST_HOST)";
				CODE_SIGN_STYLE = Automatic;
				DEVELOPMENT_TEAM = FYM4933UYP;
				INFOPLIST_FILE = StackTests/Info.plist;
				LD_RUNPATH_SEARCH_PATHS = (
					"$(inherited)",
					"@executable_path/Frameworks",
					"@loader_path/Frameworks",
				);
				PRODUCT_BUNDLE_IDENTIFIER = MyCo.StackTests;
				PRODUCT_NAME = "$(TARGET_NAME)";
				SWIFT_VERSION = 5.0;
				TARGETED_DEVICE_FAMILY = "1,2";
				TEST_HOST = "$(BUILT_PRODUCTS_DIR)/Stack.app/Stack";
			};
			name = Release;
		};
/* End XCBuildConfiguration section */

/* Begin XCConfigurationList section */
		E9F51B8D23B83CA00068B86E /* Build configuration list for PBXProject "Stack" */ = {
			isa = XCConfigurationList;
			buildConfigurations = (
				E9F51BA423B83CA60068B86E /* Debug */,
				E9F51BA523B83CA60068B86E /* Release */,
			);
			defaultConfigurationIsVisible = 0;
			defaultConfigurationName = Release;
		};
		E9F51BA623B83CA60068B86E /* Build configuration list for PBXNativeTarget "Stack" */ = {
			isa = XCConfigurationList;
			buildConfigurations = (
				E9F51BA723B83CA60068B86E /* Debug */,
				E9F51BA823B83CA60068B86E /* Release */,
			);
			defaultConfigurationIsVisible = 0;
			defaultConfigurationName = Release;
		};
		E9F51BB423B845780068B86E /* Build configuration list for PBXNativeTarget "StackTests" */ = {
			isa = XCConfigurationList;
			buildConfigurations = (
				E9F51BB523B845780068B86E /* Debug */,
				E9F51BB623B845780068B86E /* Release */,
			);
			defaultConfigurationIsVisible = 0;
			defaultConfigurationName = Release;
		};
/* End XCConfigurationList section */

/* Begin XCVersionGroup section */
		E95D67FE23E8973F00AB3320 /* Stack.xcdatamodeld */ = {
			isa = XCVersionGroup;
			children = (
				E95D67FF23E8973F00AB3320 /* Stack.xcdatamodel */,
			);
			currentVersion = E95D67FF23E8973F00AB3320 /* Stack.xcdatamodel */;
			path = Stack.xcdatamodeld;
			sourceTree = "<group>";
			versionGroupType = wrapper.xcdatamodel;
		};
/* End XCVersionGroup section */
	};
	rootObject = E9F51B8A23B83CA00068B86E /* Project object */;
}
